
Microsoft Visual Studio Solution File, Format Version 12.00
# Visual Studio Version 16
VisualStudioVersion = 16.0.31313.79
MinimumVisualStudioVersion = 10.0.40219.1
Project("{FAE04EC0-301F-11D3-BF4B-00C04F79EFBC}") = "lab2_zadanie2", "lab2_zadanie2\lab2_zadanie2.csproj", "{FF927DAA-A17C-4D43-A742-CF9FE28B8C22}"
EndProject
Global
	GlobalSection(SolutionConfigurationPlatforms) = preSolution
		Debug|Any CPU = Debug|Any CPU
		Release|Any CPU = Release|Any CPU
	EndGlobalSection
	GlobalSection(ProjectConfigurationPlatforms) = postSolution
		{FF927DAA-A17C-4D43-A742-CF9FE28B8C22}.Debug|Any CPU.ActiveCfg = Debug|Any CPU
		{FF927DAA-A17C-4D43-A742-CF9FE28B8C22}.Debug|Any CPU.Build.0 = Debug|Any CPU
		{FF927DAA-A17C-4D43-A742-CF9FE28B8C22}.Release|Any CPU.ActiveCfg = Release|Any CPU
		{FF927DAA-A17C-4D43-A742-CF9FE28B8C22}.Release|Any CPU.Build.0 = Release|Any CPU
	EndGlobalSection
	GlobalSection(SolutionProperties) = preSolution
		HideSolutionNode = FALSE
	EndGlobalSection
	GlobalSection(ExtensibilityGlobals) = postSolution
		SolutionGuid = {9104AFD2-F7DA-4A27-B371-9664BBAE6F44}
	EndGlobalSection
EndGlobal
